
Microsoft Visual Studio Solution File, Format Version 12.00
# Visual Studio 14
VisualStudioVersion = 14.0.23107.0
MinimumVisualStudioVersion = 10.0.40219.1
Project("{FAE04EC0-301F-11D3-BF4B-00C04F79EFBC}") = "Monads", "ResultType\Monads.csproj", "{7BAF3D4F-4211-40FC-8FC6-9DE4244F8223}"
EndProject
Project("{FAE04EC0-301F-11D3-BF4B-00C04F79EFBC}") = "ResultTypeTests", "ResultTypeTests\ResultTypeTests.csproj", "{9048CBCF-B197-4129-8E32-B8C2AD472D18}"
EndProject
Global
	GlobalSection(SolutionConfigurationPlatforms) = preSolution
		Debug|Any CPU = Debug|Any CPU
		Release|Any CPU = Release|Any CPU
	EndGlobalSection
	GlobalSection(ProjectConfigurationPlatforms) = postSolution
		{7BAF3D4F-4211-40FC-8FC6-9DE4244F8223}.Debug|Any CPU.ActiveCfg = Debug|Any CPU
		{7BAF3D4F-4211-40FC-8FC6-9DE4244F8223}.Debug|Any CPU.Build.0 = Debug|Any CPU
		{7BAF3D4F-4211-40FC-8FC6-9DE4244F8223}.Release|Any CPU.ActiveCfg = Release|Any CPU
		{7BAF3D4F-4211-40FC-8FC6-9DE4244F8223}.Release|Any CPU.Build.0 = Release|Any CPU
		{9048CBCF-B197-4129-8E32-B8C2AD472D18}.Debug|Any CPU.ActiveCfg = Debug|Any CPU
		{9048CBCF-B197-4129-8E32-B8C2AD472D18}.Debug|Any CPU.Build.0 = Debug|Any CPU
		{9048CBCF-B197-4129-8E32-B8C2AD472D18}.Release|Any CPU.ActiveCfg = Release|Any CPU
		{9048CBCF-B197-4129-8E32-B8C2AD472D18}.Release|Any CPU.Build.0 = Release|Any CPU
	EndGlobalSection
	GlobalSection(SolutionProperties) = preSolution
		HideSolutionNode = FALSE
	EndGlobalSection
EndGlobal
